
Microsoft Visual Studio Solution File, Format Version 12.00
# Visual Studio 15
VisualStudioVersion = 15.0.28307.1525
MinimumVisualStudioVersion = 10.0.40219.1
Project("{FAE04EC0-301F-11D3-BF4B-00C04F79EFBC}") = "FirstApp", "FirstApp\FirstApp.csproj", "{0CAB94B4-57BB-433C-9DA2-CCB2998293F7}"
EndProject
Global
	GlobalSection(SolutionConfigurationPlatforms) = preSolution
		Debug|Any CPU = Debug|Any CPU
		Release|Any CPU = Release|Any CPU
	EndGlobalSection
	GlobalSection(ProjectConfigurationPlatforms) = postSolution
		{0CAB94B4-57BB-433C-9DA2-CCB2998293F7}.Debug|Any CPU.ActiveCfg = Debug|Any CPU
		{0CAB94B4-57BB-433C-9DA2-CCB2998293F7}.Debug|Any CPU.Build.0 = Debug|Any CPU
		{0CAB94B4-57BB-433C-9DA2-CCB2998293F7}.Release|Any CPU.ActiveCfg = Release|Any CPU
		{0CAB94B4-57BB-433C-9DA2-CCB2998293F7}.Release|Any CPU.Build.0 = Release|Any CPU
	EndGlobalSection
	GlobalSection(SolutionProperties) = preSolution
		HideSolutionNode = FALSE
	EndGlobalSection
	GlobalSection(ExtensibilityGlobals) = postSolution
		SolutionGuid = {94DB89ED-3785-4B47-9267-59FC075A910B}
	EndGlobalSection
EndGlobal
